
Microsoft Visual Studio Solution File, Format Version 12.00
# Visual Studio Version 16
VisualStudioVersion = 16.0.29001.49
MinimumVisualStudioVersion = 10.0.40219.1
Project("{9A19103F-16F7-4668-BE54-9A1E7A4F7556}") = "Lingva.BC", "Lingva.BC\Lingva.BC\Lingva.BC.csproj", "{FF3FE68B-1F4A-4F7B-964A-1EA5A783B3E4}"
EndProject
Project("{9A19103F-16F7-4668-BE54-9A1E7A4F7556}") = "Lingva.BC.Mapper", "Lingva.BC\Lingva.BC.Mapper\Lingva.BC.Mapper.csproj", "{B4A9B119-35D2-4A40-9E58-BF3AA0602904}"
EndProject
Project("{9A19103F-16F7-4668-BE54-9A1E7A4F7556}") = "Lingva.BC.Tests", "Lingva.BC\Lingva.BC.Tests\Lingva.BC.Tests.csproj", "{E1B3C9AB-31A2-4EE3-8898-F17757862CD6}"
EndProject
Project("{2150E333-8FDC-42A3-9474-1A3956D46DE8}") = "Lingva.BC", "Lingva.BC", "{160DEEE7-19EB-4D4E-8B8C-557AA259DC09}"
EndProject
Project("{2150E333-8FDC-42A3-9474-1A3956D46DE8}") = "Lingva.DAL", "Lingva.DAL", "{E8A5B532-F6EC-40B0-B990-09A9B614ED95}"
EndProject
Project("{9A19103F-16F7-4668-BE54-9A1E7A4F7556}") = "Lingva.DAL", "Lingva.DAL\Lingva.DAL\Lingva.DAL.csproj", "{9079307E-B74D-42E1-841C-7DC6F97E3D74}"
EndProject
Project("{9A19103F-16F7-4668-BE54-9A1E7A4F7556}") = "Lingva.DAL.EF", "Lingva.DAL\Lingva.DAL.EF\Lingva.DAL.EF.csproj", "{932A23D3-E16A-446B-A595-53E9CBA22725}"
EndProject
Project("{9A19103F-16F7-4668-BE54-9A1E7A4F7556}") = "Lingva.DAL.Mongo", "Lingva.DAL\Lingva.DAL.Mongo\Lingva.DAL.Mongo.csproj", "{64CF911F-5D32-4584-83AE-95C677617907}"
EndProject
Global
	GlobalSection(SolutionConfigurationPlatforms) = preSolution
		Debug|Any CPU = Debug|Any CPU
		Release|Any CPU = Release|Any CPU
	EndGlobalSection
	GlobalSection(ProjectConfigurationPlatforms) = postSolution
		{FF3FE68B-1F4A-4F7B-964A-1EA5A783B3E4}.Debug|Any CPU.ActiveCfg = Debug|Any CPU
		{FF3FE68B-1F4A-4F7B-964A-1EA5A783B3E4}.Debug|Any CPU.Build.0 = Debug|Any CPU
		{FF3FE68B-1F4A-4F7B-964A-1EA5A783B3E4}.Release|Any CPU.ActiveCfg = Release|Any CPU
		{FF3FE68B-1F4A-4F7B-964A-1EA5A783B3E4}.Release|Any CPU.Build.0 = Release|Any CPU
		{B4A9B119-35D2-4A40-9E58-BF3AA0602904}.Debug|Any CPU.ActiveCfg = Debug|Any CPU
		{B4A9B119-35D2-4A40-9E58-BF3AA0602904}.Debug|Any CPU.Build.0 = Debug|Any CPU
		{B4A9B119-35D2-4A40-9E58-BF3AA0602904}.Release|Any CPU.ActiveCfg = Release|Any CPU
		{B4A9B119-35D2-4A40-9E58-BF3AA0602904}.Release|Any CPU.Build.0 = Release|Any CPU
		{E1B3C9AB-31A2-4EE3-8898-F17757862CD6}.Debug|Any CPU.ActiveCfg = Debug|Any CPU
		{E1B3C9AB-31A2-4EE3-8898-F17757862CD6}.Debug|Any CPU.Build.0 = Debug|Any CPU
		{E1B3C9AB-31A2-4EE3-8898-F17757862CD6}.Release|Any CPU.ActiveCfg = Release|Any CPU
		{E1B3C9AB-31A2-4EE3-8898-F17757862CD6}.Release|Any CPU.Build.0 = Release|Any CPU
		{9079307E-B74D-42E1-841C-7DC6F97E3D74}.Debug|Any CPU.ActiveCfg = Debug|Any CPU
		{9079307E-B74D-42E1-841C-7DC6F97E3D74}.Debug|Any CPU.Build.0 = Debug|Any CPU
		{9079307E-B74D-42E1-841C-7DC6F97E3D74}.Release|Any CPU.ActiveCfg = Release|Any CPU
		{9079307E-B74D-42E1-841C-7DC6F97E3D74}.Release|Any CPU.Build.0 = Release|Any CPU
		{932A23D3-E16A-446B-A595-53E9CBA22725}.Debug|Any CPU.ActiveCfg = Debug|Any CPU
		{932A23D3-E16A-446B-A595-53E9CBA22725}.Debug|Any CPU.Build.0 = Debug|Any CPU
		{932A23D3-E16A-446B-A595-53E9CBA22725}.Release|Any CPU.ActiveCfg = Release|Any CPU
		{932A23D3-E16A-446B-A595-53E9CBA22725}.Release|Any CPU.Build.0 = Release|Any CPU
		{64CF911F-5D32-4584-83AE-95C677617907}.Debug|Any CPU.ActiveCfg = Debug|Any CPU
		{64CF911F-5D32-4584-83AE-95C677617907}.Debug|Any CPU.Build.0 = Debug|Any CPU
		{64CF911F-5D32-4584-83AE-95C677617907}.Release|Any CPU.ActiveCfg = Release|Any CPU
		{64CF911F-5D32-4584-83AE-95C677617907}.Release|Any CPU.Build.0 = Release|Any CPU
	EndGlobalSection
	GlobalSection(SolutionProperties) = preSolution
		HideSolutionNode = FALSE
	EndGlobalSection
	GlobalSection(NestedProjects) = preSolution
		{FF3FE68B-1F4A-4F7B-964A-1EA5A783B3E4} = {160DEEE7-19EB-4D4E-8B8C-557AA259DC09}
		{B4A9B119-35D2-4A40-9E58-BF3AA0602904} = {160DEEE7-19EB-4D4E-8B8C-557AA259DC09}
		{E1B3C9AB-31A2-4EE3-8898-F17757862CD6} = {160DEEE7-19EB-4D4E-8B8C-557AA259DC09}
		{9079307E-B74D-42E1-841C-7DC6F97E3D74} = {E8A5B532-F6EC-40B0-B990-09A9B614ED95}
		{932A23D3-E16A-446B-A595-53E9CBA22725} = {E8A5B532-F6EC-40B0-B990-09A9B614ED95}
		{64CF911F-5D32-4584-83AE-95C677617907} = {E8A5B532-F6EC-40B0-B990-09A9B614ED95}
	EndGlobalSection
	GlobalSection(ExtensibilityGlobals) = postSolution
		SolutionGuid = {C1BE49DB-AFBD-434C-ADD3-11FE4186B688}
	EndGlobalSection
EndGlobal
