
Microsoft Visual Studio Solution File, Format Version 12.00
# Visual Studio Version 16
VisualStudioVersion = 16.0.29001.49
MinimumVisualStudioVersion = 10.0.40219.1
Project("{9A19103F-16F7-4668-BE54-9A1E7A4F7556}") = "SenderService.Email", "SenderService.Email\SenderService.Email.csproj", "{888417C8-CB50-4EAB-8C0B-02DAA66D777F}"
EndProject
Project("{9A19103F-16F7-4668-BE54-9A1E7A4F7556}") = "SenderService.SettingsProvider.EF", "SenderService.SettingsProvider.EF\SenderService.SettingsProvider.EF.csproj", "{987602B4-B606-4F67-B65E-4BDDC30CC936}"
EndProject
Project("{FAE04EC0-301F-11D3-BF4B-00C04F79EFBC}") = "SenderService.SettingsProvider.Core", "SenderService.SettingsProvider.Core\SenderService.SettingsProvider.Core.csproj", "{6C78D09A-6228-4136-9E0E-28F99B480751}"
EndProject
Global
	GlobalSection(SolutionConfigurationPlatforms) = preSolution
		Debug|Any CPU = Debug|Any CPU
		Release|Any CPU = Release|Any CPU
	EndGlobalSection
	GlobalSection(ProjectConfigurationPlatforms) = postSolution
		{888417C8-CB50-4EAB-8C0B-02DAA66D777F}.Debug|Any CPU.ActiveCfg = Debug|Any CPU
		{888417C8-CB50-4EAB-8C0B-02DAA66D777F}.Debug|Any CPU.Build.0 = Debug|Any CPU
		{888417C8-CB50-4EAB-8C0B-02DAA66D777F}.Release|Any CPU.ActiveCfg = Release|Any CPU
		{888417C8-CB50-4EAB-8C0B-02DAA66D777F}.Release|Any CPU.Build.0 = Release|Any CPU
		{987602B4-B606-4F67-B65E-4BDDC30CC936}.Debug|Any CPU.ActiveCfg = Debug|Any CPU
		{987602B4-B606-4F67-B65E-4BDDC30CC936}.Debug|Any CPU.Build.0 = Debug|Any CPU
		{987602B4-B606-4F67-B65E-4BDDC30CC936}.Release|Any CPU.ActiveCfg = Release|Any CPU
		{987602B4-B606-4F67-B65E-4BDDC30CC936}.Release|Any CPU.Build.0 = Release|Any CPU
		{6C78D09A-6228-4136-9E0E-28F99B480751}.Debug|Any CPU.ActiveCfg = Debug|Any CPU
		{6C78D09A-6228-4136-9E0E-28F99B480751}.Debug|Any CPU.Build.0 = Debug|Any CPU
		{6C78D09A-6228-4136-9E0E-28F99B480751}.Release|Any CPU.ActiveCfg = Release|Any CPU
		{6C78D09A-6228-4136-9E0E-28F99B480751}.Release|Any CPU.Build.0 = Release|Any CPU
	EndGlobalSection
	GlobalSection(SolutionProperties) = preSolution
		HideSolutionNode = FALSE
	EndGlobalSection
	GlobalSection(ExtensibilityGlobals) = postSolution
		SolutionGuid = {5A7A72A1-094F-462C-BC43-DEDE9B06BB69}
	EndGlobalSection
EndGlobal
