
Microsoft Visual Studio Solution File, Format Version 12.00
# Visual Studio Version 16
VisualStudioVersion = 16.0.29001.49
MinimumVisualStudioVersion = 10.0.40219.1
Project("{9A19103F-16F7-4668-BE54-9A1E7A4F7556}") = "QueryBuilder", "QueryBuilder\QueryBuilder.csproj", "{6B6E29C7-6094-4A52-B0CC-6FA0D65CC983}"
EndProject
Project("{9A19103F-16F7-4668-BE54-9A1E7A4F7556}") = "QueryBuilder.EF", "QueryBuilder.EF\QueryBuilder.EF.csproj", "{5FB886E7-9744-46D1-9848-152464B815A8}"
EndProject
Project("{9A19103F-16F7-4668-BE54-9A1E7A4F7556}") = "QueryBuilder.Mongo", "QueryBuilder.Mongo\QueryBuilder.Mongo.csproj", "{F9055D33-9381-4E06-830B-84DEEDB2E491}"
EndProject
Global
	GlobalSection(SolutionConfigurationPlatforms) = preSolution
		Debug|Any CPU = Debug|Any CPU
		Release|Any CPU = Release|Any CPU
	EndGlobalSection
	GlobalSection(ProjectConfigurationPlatforms) = postSolution
		{6B6E29C7-6094-4A52-B0CC-6FA0D65CC983}.Debug|Any CPU.ActiveCfg = Debug|Any CPU
		{6B6E29C7-6094-4A52-B0CC-6FA0D65CC983}.Debug|Any CPU.Build.0 = Debug|Any CPU
		{6B6E29C7-6094-4A52-B0CC-6FA0D65CC983}.Release|Any CPU.ActiveCfg = Release|Any CPU
		{6B6E29C7-6094-4A52-B0CC-6FA0D65CC983}.Release|Any CPU.Build.0 = Release|Any CPU
		{5FB886E7-9744-46D1-9848-152464B815A8}.Debug|Any CPU.ActiveCfg = Debug|Any CPU
		{5FB886E7-9744-46D1-9848-152464B815A8}.Debug|Any CPU.Build.0 = Debug|Any CPU
		{5FB886E7-9744-46D1-9848-152464B815A8}.Release|Any CPU.ActiveCfg = Release|Any CPU
		{5FB886E7-9744-46D1-9848-152464B815A8}.Release|Any CPU.Build.0 = Release|Any CPU
		{F9055D33-9381-4E06-830B-84DEEDB2E491}.Debug|Any CPU.ActiveCfg = Debug|Any CPU
		{F9055D33-9381-4E06-830B-84DEEDB2E491}.Debug|Any CPU.Build.0 = Debug|Any CPU
		{F9055D33-9381-4E06-830B-84DEEDB2E491}.Release|Any CPU.ActiveCfg = Release|Any CPU
		{F9055D33-9381-4E06-830B-84DEEDB2E491}.Release|Any CPU.Build.0 = Release|Any CPU
	EndGlobalSection
	GlobalSection(SolutionProperties) = preSolution
		HideSolutionNode = FALSE
	EndGlobalSection
	GlobalSection(ExtensibilityGlobals) = postSolution
		SolutionGuid = {339F78A8-7D0A-4B3C-BFF4-C0EE9B0C8D7F}
	EndGlobalSection
EndGlobal
